
Microsoft Visual Studio Solution File, Format Version 11.00
# Visual Studio 2010
Project("{FAE04EC0-301F-11D3-BF4B-00C04F79EFBC}") = "PushNotify", "PushNotify\PushNotify.csproj", "{F04785E6-C9CB-413F-9700-5C06BF14CDC9}"
EndProject
Global
	GlobalSection(SolutionConfigurationPlatforms) = preSolution
		Debug|iPhoneSimulator = Debug|iPhoneSimulator
		Release|iPhoneSimulator = Release|iPhoneSimulator
		Debug|iPhone = Debug|iPhone
		Release|iPhone = Release|iPhone
		Ad-Hoc|iPhone = Ad-Hoc|iPhone
		AppStore|iPhone = AppStore|iPhone
	EndGlobalSection
	GlobalSection(ProjectConfigurationPlatforms) = postSolution
		{F04785E6-C9CB-413F-9700-5C06BF14CDC9}.Ad-Hoc|iPhone.ActiveCfg = Ad-Hoc|iPhone
		{F04785E6-C9CB-413F-9700-5C06BF14CDC9}.Ad-Hoc|iPhone.Build.0 = Ad-Hoc|iPhone
		{F04785E6-C9CB-413F-9700-5C06BF14CDC9}.AppStore|iPhone.ActiveCfg = AppStore|iPhone
		{F04785E6-C9CB-413F-9700-5C06BF14CDC9}.AppStore|iPhone.Build.0 = AppStore|iPhone
		{F04785E6-C9CB-413F-9700-5C06BF14CDC9}.Debug|iPhone.ActiveCfg = Debug|iPhone
		{F04785E6-C9CB-413F-9700-5C06BF14CDC9}.Debug|iPhone.Build.0 = Debug|iPhone
		{F04785E6-C9CB-413F-9700-5C06BF14CDC9}.Debug|iPhoneSimulator.ActiveCfg = Debug|iPhoneSimulator
		{F04785E6-C9CB-413F-9700-5C06BF14CDC9}.Debug|iPhoneSimulator.Build.0 = Debug|iPhoneSimulator
		{F04785E6-C9CB-413F-9700-5C06BF14CDC9}.Release|iPhone.ActiveCfg = Release|iPhone
		{F04785E6-C9CB-413F-9700-5C06BF14CDC9}.Release|iPhone.Build.0 = Release|iPhone
		{F04785E6-C9CB-413F-9700-5C06BF14CDC9}.Release|iPhoneSimulator.ActiveCfg = Release|iPhoneSimulator
		{F04785E6-C9CB-413F-9700-5C06BF14CDC9}.Release|iPhoneSimulator.Build.0 = Release|iPhoneSimulator
	EndGlobalSection
	GlobalSection(MonoDevelopProperties) = preSolution
		StartupItem = PushNotify\PushNotify.csproj
	EndGlobalSection
EndGlobal
